# THIS IS AN AUTOGENERATED FILE. DO NOT EDIT THIS FILE DIRECTLY.
# yarn lockfile v1


"@esbuild/win32-x64@0.20.2":
  "integrity" "sha512-N49X4lJX27+l9jbLKSqZ6bKNjzQvHaT8IIFUy+YIqmXQdjYCToGWwOItDrfby14c78aDd5NHQl29xingXfCdLQ=="
  "resolved" "https://registry.npmjs.org/@esbuild/win32-x64/-/win32-x64-0.20.2.tgz"
  "version" "0.20.2"

"@googlemaps/js-api-loader@1.16.2":
  "integrity" "sha512-psGw5u0QM6humao48Hn4lrChOM2/rA43ZCm3tKK9qQsEj1/VzqkCqnvGfEOshDbBQflydfaRovbKwZMF4AyqbA=="
  "resolved" "https://registry.npmjs.org/@googlemaps/js-api-loader/-/js-api-loader-1.16.2.tgz"
  "version" "1.16.2"
  dependencies:
    "fast-deep-equal" "^3.1.3"

"@googlemaps/markerclusterer@^2.5.1", "@googlemaps/markerclusterer@2.5.3":
  "integrity" "sha512-x7lX0R5yYOoiNectr10wLgCBasNcXFHiADIBdmn7jQllF2B5ENQw5XtZK+hIw4xnV0Df0xhN4LN98XqA5jaiOw=="
  "resolved" "https://registry.npmjs.org/@googlemaps/markerclusterer/-/markerclusterer-2.5.3.tgz"
  "version" "2.5.3"
  dependencies:
    "fast-deep-equal" "^3.1.3"
    "supercluster" "^8.0.1"

"@react-google-maps/api@^2.19.3":
  "integrity" "sha512-jiLqvuOt5lOowkLeq7d077AByTyJp+s6hZVlLhlq7SBacBD37aUNpXBz2OsazfeR6Aw4a+9RRhAEjEFvrR1f5A=="
  "resolved" "https://registry.npmjs.org/@react-google-maps/api/-/api-2.19.3.tgz"
  "version" "2.19.3"
  dependencies:
    "@googlemaps/js-api-loader" "1.16.2"
    "@googlemaps/markerclusterer" "2.5.3"
    "@react-google-maps/infobox" "2.19.2"
    "@react-google-maps/marker-clusterer" "2.19.2"
    "@types/google.maps" "3.55.2"
    "invariant" "2.2.4"

"@react-google-maps/infobox@2.19.2":
  "integrity" "sha512-6wvBqeJsQ/eFSvoxg+9VoncQvNoVCdmxzxRpLvmjPD+nNC6mHM0vJH1xSqaKijkMrfLJT0nfkTGpovrF896jwg=="
  "resolved" "https://registry.npmjs.org/@react-google-maps/infobox/-/infobox-2.19.2.tgz"
  "version" "2.19.2"

"@react-google-maps/marker-clusterer@2.19.2":
  "integrity" "sha512-x9ibmsP0ZVqzyCo1Pitbw+4b6iEXRw/r1TCy3vOUR3eKrzWLnHYZMR325BkZW2r8fnuWE/V3Fp4QZOP9qYORCw=="
  "resolved" "https://registry.npmjs.org/@react-google-maps/marker-clusterer/-/marker-clusterer-2.19.2.tgz"
  "version" "2.19.2"

"@rollup/rollup-win32-x64-msvc@4.13.0":
  "integrity" "sha512-UKXUQNbO3DOhzLRwHSpa0HnhhCgNODvfoPWv2FCXme8N/ANFfhIPMGuOT+QuKd16+B5yxZ0HdpNlqPvTMS1qfw=="
  "resolved" "https://registry.npmjs.org/@rollup/rollup-win32-x64-msvc/-/rollup-win32-x64-msvc-4.13.0.tgz"
  "version" "4.13.0"

"@types/estree@1.0.5":
  "integrity" "sha512-/kYRxGDLWzHOB7q+wtSUQlFrtcdUccpfy+X+9iMBpHK8QLLhx2wIPYuS5DYtR9Wa/YlZAbIovy7qVdB1Aq6Lyw=="
  "resolved" "https://registry.npmjs.org/@types/estree/-/estree-1.0.5.tgz"
  "version" "1.0.5"

"@types/google.maps@^3.54.10":
  "integrity" "sha512-U1QwCo1GeeLm0YI/GoHvfd1VfwgnoUSBcKCMXXFAM+2izSSuqqwZUJ9XNO6NxZxmYKjBNI+NF5eGF6uUSb1aSg=="
  "resolved" "https://registry.npmjs.org/@types/google.maps/-/google.maps-3.55.5.tgz"
  "version" "3.55.5"

"@types/google.maps@3.55.2":
  "integrity" "sha512-JcTwzkxskR8DN/nnX96Pie3gGN3WHiPpuxzuQ9z3516o1bB243d8w8DHUJ8BohuzoT1o3HUFta2ns/mkZC8KRw=="
  "resolved" "https://registry.npmjs.org/@types/google.maps/-/google.maps-3.55.2.tgz"
  "version" "3.55.2"

"@vis.gl/react-google-maps@latest":
  "integrity" "sha512-pjypNwgfsKePo/3zHwwMO4VlywwIeELXRW3PWn8U3OC5cQXmepwHmpLtcAKSwVew3xBb/43p7xjkt7Mdv3hE2Q=="
  "resolved" "https://registry.npmjs.org/@vis.gl/react-google-maps/-/react-google-maps-0.8.1.tgz"
  "version" "0.8.1"
  dependencies:
    "@types/google.maps" "^3.54.10"
    "fast-deep-equal" "^3.1.3"

"esbuild@^0.20.1":
  "integrity" "sha512-WdOOppmUNU+IbZ0PaDiTst80zjnrOkyJNHoKupIcVyU8Lvla3Ugx94VzkQ32Ijqd7UhHJy75gNWDMUekcrSJ6g=="
  "resolved" "https://registry.npmjs.org/esbuild/-/esbuild-0.20.2.tgz"
  "version" "0.20.2"
  optionalDependencies:
    "@esbuild/aix-ppc64" "0.20.2"
    "@esbuild/android-arm" "0.20.2"
    "@esbuild/android-arm64" "0.20.2"
    "@esbuild/android-x64" "0.20.2"
    "@esbuild/darwin-arm64" "0.20.2"
    "@esbuild/darwin-x64" "0.20.2"
    "@esbuild/freebsd-arm64" "0.20.2"
    "@esbuild/freebsd-x64" "0.20.2"
    "@esbuild/linux-arm" "0.20.2"
    "@esbuild/linux-arm64" "0.20.2"
    "@esbuild/linux-ia32" "0.20.2"
    "@esbuild/linux-loong64" "0.20.2"
    "@esbuild/linux-mips64el" "0.20.2"
    "@esbuild/linux-ppc64" "0.20.2"
    "@esbuild/linux-riscv64" "0.20.2"
    "@esbuild/linux-s390x" "0.20.2"
    "@esbuild/linux-x64" "0.20.2"
    "@esbuild/netbsd-x64" "0.20.2"
    "@esbuild/openbsd-x64" "0.20.2"
    "@esbuild/sunos-x64" "0.20.2"
    "@esbuild/win32-arm64" "0.20.2"
    "@esbuild/win32-ia32" "0.20.2"
    "@esbuild/win32-x64" "0.20.2"

"fast-deep-equal@^3.1.3":
  "integrity" "sha512-f3qQ9oQy9j2AhBe/H9VC91wLmKBCCU/gDOnKNAYG5hswO7BLKj09Hc5HYNz9cGI++xlpDCIgDaitVs03ATR84Q=="
  "resolved" "https://registry.npmjs.org/fast-deep-equal/-/fast-deep-equal-3.1.3.tgz"
  "version" "3.1.3"

"invariant@2.2.4":
  "integrity" "sha512-phJfQVBuaJM5raOpJjSfkiD6BpbCE4Ns//LaXl6wGYtUBY83nWS6Rf9tXm2e8VaK60JEjYldbPif/A2B1C2gNA=="
  "resolved" "https://registry.npmjs.org/invariant/-/invariant-2.2.4.tgz"
  "version" "2.2.4"
  dependencies:
    "loose-envify" "^1.0.0"

"js-tokens@^3.0.0 || ^4.0.0":
  "integrity" "sha512-RdJUflcE3cUzKiMqQgsCu06FPu9UdIJO0beYbPhHN4k6apgJtifcoCtT9bcxOpYBtpD2kCM6Sbzg4CausW/PKQ=="
  "resolved" "https://registry.npmjs.org/js-tokens/-/js-tokens-4.0.0.tgz"
  "version" "4.0.0"

"kdbush@^4.0.2":
  "integrity" "sha512-WbCVYJ27Sz8zi9Q7Q0xHC+05iwkm3Znipc2XTlrnJbsHMYktW4hPhXUE8Ys1engBrvffoSCqbil1JQAa7clRpA=="
  "resolved" "https://registry.npmjs.org/kdbush/-/kdbush-4.0.2.tgz"
  "version" "4.0.2"

"loose-envify@^1.0.0", "loose-envify@^1.1.0":
  "integrity" "sha512-lyuxPGr/Wfhrlem2CL/UcnUc1zcqKAImBDzukY7Y5F/yQiNdko6+fRLevlw1HgMySw7f611UIY408EtxRSoK3Q=="
  "resolved" "https://registry.npmjs.org/loose-envify/-/loose-envify-1.4.0.tgz"
  "version" "1.4.0"
  dependencies:
    "js-tokens" "^3.0.0 || ^4.0.0"

"nanoid@^3.3.7":
  "integrity" "sha512-eSRppjcPIatRIMC1U6UngP8XFcz8MQWGQdt1MTBQ7NaAmvXDfvNxbvWV3x2y6CdEUciCSsDHDQZbhYaB8QEo2g=="
  "resolved" "https://registry.npmjs.org/nanoid/-/nanoid-3.3.7.tgz"
  "version" "3.3.7"

"picocolors@^1.0.0":
  "integrity" "sha512-1fygroTLlHu66zi26VoTDv8yRgm0Fccecssto+MhsZ0D/DGW2sm8E8AjW7NU5VVTRt5GxbeZ5qBuJr+HyLYkjQ=="
  "resolved" "https://registry.npmjs.org/picocolors/-/picocolors-1.0.0.tgz"
  "version" "1.0.0"

"postcss@^8.4.36":
  "integrity" "sha512-Wglpdk03BSfXkHoQa3b/oulrotAkwrlLDRSOb9D0bN86FdRyE9lppSp33aHNPgBa0JKCoB+drFLZkQoRRYae5A=="
  "resolved" "https://registry.npmjs.org/postcss/-/postcss-8.4.38.tgz"
  "version" "8.4.38"
  dependencies:
    "nanoid" "^3.3.7"
    "picocolors" "^1.0.0"
    "source-map-js" "^1.2.0"

"react-dom@^16.8 || ^17 || ^18", "react-dom@^18.2.0", "react-dom@>=16.8.0":
  "integrity" "sha512-6IMTriUmvsjHUjNtEDudZfuDQUoWXVxKHhlEGSk81n4YFS+r/Kl99wXiwlVXtPBtJenozv2P+hxDsw9eA7Xo6g=="
  "resolved" "https://registry.npmjs.org/react-dom/-/react-dom-18.2.0.tgz"
  "version" "18.2.0"
  dependencies:
    "loose-envify" "^1.1.0"
    "scheduler" "^0.23.0"

"react@^16.8 || ^17 || ^18", "react@^18.2.0", "react@^18.3.1", "react@>=16.8.0":
  "integrity" "sha512-wS+hAgJShR0KhEvPJArfuPVN1+Hz1t0Y6n5jLrGQbkb4urgPE/0Rve+1kMB1v/oWgHgm4WIcV+i7F2pTVj+2iQ=="
  "resolved" "https://registry.npmjs.org/react/-/react-18.3.1.tgz"
  "version" "18.3.1"
  dependencies:
    "loose-envify" "^1.1.0"

"rollup@^4.13.0":
  "integrity" "sha512-3YegKemjoQnYKmsBlOHfMLVPPA5xLkQ8MHLLSw/fBrFaVkEayL51DilPpNNLq1exr98F2B1TzrV0FUlN3gWRPg=="
  "resolved" "https://registry.npmjs.org/rollup/-/rollup-4.13.0.tgz"
  "version" "4.13.0"
  dependencies:
    "@types/estree" "1.0.5"
  optionalDependencies:
    "@rollup/rollup-android-arm-eabi" "4.13.0"
    "@rollup/rollup-android-arm64" "4.13.0"
    "@rollup/rollup-darwin-arm64" "4.13.0"
    "@rollup/rollup-darwin-x64" "4.13.0"
    "@rollup/rollup-linux-arm-gnueabihf" "4.13.0"
    "@rollup/rollup-linux-arm64-gnu" "4.13.0"
    "@rollup/rollup-linux-arm64-musl" "4.13.0"
    "@rollup/rollup-linux-riscv64-gnu" "4.13.0"
    "@rollup/rollup-linux-x64-gnu" "4.13.0"
    "@rollup/rollup-linux-x64-musl" "4.13.0"
    "@rollup/rollup-win32-arm64-msvc" "4.13.0"
    "@rollup/rollup-win32-ia32-msvc" "4.13.0"
    "@rollup/rollup-win32-x64-msvc" "4.13.0"
    "fsevents" "~2.3.2"

"scheduler@^0.23.0":
  "integrity" "sha512-CtuThmgHNg7zIZWAXi3AsyIzA3n4xx7aNyjwC2VJldO2LMVDhFK+63xGqq6CsJH4rTAt6/M+N4GhZiDYPx9eUw=="
  "resolved" "https://registry.npmjs.org/scheduler/-/scheduler-0.23.0.tgz"
  "version" "0.23.0"
  dependencies:
    "loose-envify" "^1.1.0"

"source-map-js@^1.2.0":
  "integrity" "sha512-itJW8lvSA0TXEphiRoawsCksnlf8SyvmFzIhltqAHluXd88pkCd+cXJVHTDwdCr0IzwptSm035IHQktUu1QUMg=="
  "resolved" "https://registry.npmjs.org/source-map-js/-/source-map-js-1.2.0.tgz"
  "version" "1.2.0"

"supercluster@^8.0.1":
  "integrity" "sha512-IiOea5kJ9iqzD2t7QJq/cREyLHTtSmUT6gQsweojg9WH2sYJqZK9SswTu6jrscO6D1G5v5vYZ9ru/eq85lXeZQ=="
  "resolved" "https://registry.npmjs.org/supercluster/-/supercluster-8.0.1.tgz"
  "version" "8.0.1"
  dependencies:
    "kdbush" "^4.0.2"

"vite@^5.0.4":
  "integrity" "sha512-FPtnxFlSIKYjZ2eosBQamz4CbyrTizbZ3hnGJlh/wMtCrlp1Hah6AzBLjGI5I2urTfNnpovpHdrL6YRuBOPnCA=="
  "resolved" "https://registry.npmjs.org/vite/-/vite-5.2.6.tgz"
  "version" "5.2.6"
  dependencies:
    "esbuild" "^0.20.1"
    "postcss" "^8.4.36"
    "rollup" "^4.13.0"
  optionalDependencies:
    "fsevents" "~2.3.3"
